PODS:
  - Capacitor (8.1.0):
    - CapacitorCordova
  - CapacitorApp (7.0.1):
    - Capacitor
  - CapacitorCommunitySqlite (7.0.0):
    - Capacitor
    - SQLCipher
    - ZIPFoundation
  - CapacitorCordova (8.1.0)
  - CapacitorFilesystem (7.1.8):
    - Capacitor
    - IONFilesystemLib (~> 1.1.1)
  - CapacitorHaptics (7.0.1):
    - Capacitor
  - CapacitorKeyboard (7.0.1):
    - Capacitor
  - CapacitorNetwork (7.0.4):
    - Capacitor
  - CapacitorPreferences (7.0.4):
    - Capacitor
  - CapacitorStatusBar (7.0.5):
    - Capacitor
  - CapacitorVoiceRecorder (7.0.6):
    - Capacitor
  - CapawesomeCapacitorPosthog (7.1.0):
    - Capacitor
    - PostHog (~> 3.19.1)
  - IONFilesystemLib (1.1.1)
  - PostHog (3.19.9)
  - SQLCipher (4.10.0):
    - SQLCipher/standard (= 4.10.0)
  - SQLCipher/common (4.10.0)
  - SQLCipher/standard (4.10.0):
    - SQLCipher/common
  - ZIPFoundation (0.9.20)

DEPENDENCIES:
  - "Capacitor (from `../../node_modules/@capacitor/ios`)"
  - "CapacitorApp (from `../../node_modules/@capacitor/app`)"
  - "CapacitorCommunitySqlite (from `../../node_modules/@capacitor-community/sqlite`)"
  - "CapacitorCordova (from `../../node_modules/@capacitor/ios`)"
  - "CapacitorFilesystem (from `../../node_modules/@capacitor/filesystem`)"
  - "CapacitorHaptics (from `../../node_modules/@capacitor/haptics`)"
  - "CapacitorKeyboard (from `../../node_modules/@capacitor/keyboard`)"
  - "CapacitorNetwork (from `../../node_modules/@capacitor/network`)"
  - "CapacitorPreferences (from `../../node_modules/@capacitor/preferences`)"
  - "CapacitorStatusBar (from `../../node_modules/@capacitor/status-bar`)"
  - CapacitorVoiceRecorder (from `../../node_modules/capacitor-voice-recorder`)
  - "CapawesomeCapacitorPosthog (from `../../node_modules/@capawesome/capacitor-posthog`)"

SPEC REPOS:
  trunk:
    - IONFilesystemLib
    - PostHog
    - SQLCipher
    - ZIPFoundation

EXTERNAL SOURCES:
  Capacitor:
    :path: "../../node_modules/@capacitor/ios"
  CapacitorApp:
    :path: "../../node_modules/@capacitor/app"
  CapacitorCommunitySqlite:
    :path: "../../node_modules/@capacitor-community/sqlite"
  CapacitorCordova:
    :path: "../../node_modules/@capacitor/ios"
  CapacitorFilesystem:
    :path: "../../node_modules/@capacitor/filesystem"
  CapacitorHaptics:
    :path: "../../node_modules/@capacitor/haptics"
  CapacitorKeyboard:
    :path: "../../node_modules/@capacitor/keyboard"
  CapacitorNetwork:
    :path: "../../node_modules/@capacitor/network"
  CapacitorPreferences:
    :path: "../../node_modules/@capacitor/preferences"
  CapacitorStatusBar:
    :path: "../../node_modules/@capacitor/status-bar"
  CapacitorVoiceRecorder:
    :path: "../../node_modules/capacitor-voice-recorder"
  CapawesomeCapacitorPosthog:
    :path: "../../node_modules/@capawesome/capacitor-posthog"

SPEC CHECKSUMS:
  Capacitor: 830fc6ff88e99bb5ba48350f02c01ab01ba3b2b8
  CapacitorApp: d63334c052278caf5d81585d80b21905c6f93f39
  CapacitorCommunitySqlite: 6501e7349acf998346acf24ef757861bb3f6fc2b
  CapacitorCordova: e8b76fd95fc1e157775abc484c59cc0de464095d
  CapacitorFilesystem: f54cd6b76be06fa7ceb219cf313d32e0d626ea87
  CapacitorHaptics: 70e47470fa1a6bd6338cd102552e3846b7f9a1b3
  CapacitorKeyboard: 969647d0ca2e5c737d7300088e2517aa832434e2
  CapacitorNetwork: 3d56050f929a8c86427a5b28558ce605e7cf61b3
  CapacitorPreferences: d82a7e3b95fcab43a553268b803356522910d153
  CapacitorStatusBar: b4bdcf487553983ffc68d81dfe1668bacb48252f
  CapacitorVoiceRecorder: b136a5989c9a306d57f0c9fc530be79a06ccf7b2
  CapawesomeCapacitorPosthog: 0b45d854823d7e6ab024baeb32349e59a7cf4797
  IONFilesystemLib: dfa8706539ac9ab77ccfd6e5b3830ce9b5e57f6c
  PostHog: 49247855f4cfdc1d2750b4247e6f6c0ff921e142
  SQLCipher: eb79c64049cb002b4e9fcb30edb7979bf4706dfc
  ZIPFoundation: dfd3d681c4053ff7e2f7350bc4e53b5dba3f5351

PODFILE CHECKSUM: febe08b064bc4047761b5448a80b2ecf7ff73351

COCOAPODS: 1.16.2
